# Generated by pub
# See https://dart.dev/tools/pub/glossary#lockfile
packages:
  args:
    dependency: transitive
    description:
      name: args
      sha256: c372bb384f273f0c2a8aaaa226dad84dc27c8519a691b888725dec59518ad53a
      url: "https://pub.dev"
    source: hosted
    version: "2.4.1"
  async:
    dependency: transitive
    description:
      name: async
      sha256: "947bfcf187f74dbc5e146c9eb9c0f10c9f8b30743e341481c1e2ed3ecc18c20c"
      url: "https://pub.dev"
    source: hosted
    version: "2.11.0"
  boolean_selector:
    dependency: transitive
    description:
      name: boolean_selector
      sha256: "6cfb5af12253eaf2b368f07bacc5a80d1301a071c73360d746b7f2e32d762c66"
      url: "https://pub.dev"
    source: hosted
    version: "2.1.1"
  characters:
    dependency: transitive
    description:
      name: characters
      sha256: "04a925763edad70e8443c99234dc3328f442e811f1d8fd1a72f1c8ad0f69a605"
      url: "https://pub.dev"
    source: hosted
    version: "1.3.0"
  clock:
    dependency: transitive
    description:
      name: clock
      sha256: cb6d7f03e1de671e34607e909a7213e31d7752be4fb66a86d29fe1eb14bfb5cf
      url: "https://pub.dev"
    source: hosted
    version: "1.1.1"
  collection:
    dependency: transitive
    description:
      name: collection
      sha256: "4a07be6cb69c84d677a6c3096fcf960cc3285a8330b4603e0d463d15d9bd934c"
      url: "https://pub.dev"
    source: hosted
    version: "1.17.1"
  csslib:
    dependency: transitive
    description:
      name: csslib
      sha256: "831883fb353c8bdc1d71979e5b342c7d88acfbc643113c14ae51e2442ea0f20f"
      url: "https://pub.dev"
    source: hosted
    version: "0.17.3"
  cupertino_icons:
    dependency: "direct main"
    description:
      name: cupertino_icons
      sha256: e35129dc44c9118cee2a5603506d823bab99c68393879edb440e0090d07586be
      url: "https://pub.dev"
    source: hosted
    version: "1.0.5"
  fake_async:
    dependency: transitive
    description:
      name: fake_async
      sha256: "511392330127add0b769b75a987850d136345d9227c6b94c96a04cf4a391bf78"
      url: "https://pub.dev"
    source: hosted
    version: "1.3.1"
  flutter:
    dependency: "direct main"
    description: flutter
    source: sdk
    version: "0.0.0"
  flutter_highlight:
    dependency: transitive
    description:
      name: flutter_highlight
      sha256: "7b96333867aa07e122e245c033b8ad622e4e3a42a1a2372cbb098a2541d8782c"
      url: "https://pub.dev"
    source: hosted
    version: "0.7.0"
  flutter_math_fork:
    dependency: "direct main"
    description:
      name: flutter_math_fork
      sha256: a143a3a89131b578043ecbdb5e759c1033a1b3e9174f5cd1b979d93f4a7fb41c
      url: "https://pub.dev"
    source: hosted
    version: "0.7.1"
  flutter_redux:
    dependency: "direct main"
    description:
      name: flutter_redux
      sha256: "3b20be9e08d0038e1452fbfa1fdb1ea0a7c3738c997734530b3c6d0bb5fcdbdc"
      url: "https://pub.dev"
    source: hosted
    version: "0.10.0"
  flutter_svg:
    dependency: transitive
    description:
      name: flutter_svg
      sha256: "6ff8c902c8056af9736de2689f63f81c42e2d642b9f4c79dbf8790ae48b63012"
      url: "https://pub.dev"
    source: hosted
    version: "2.0.6"
  flutter_test:
    dependency: "direct main"
    description: flutter
    source: sdk
    version: "0.0.0"
  flutter_web_plugins:
    dependency: transitive
    description: flutter
    source: sdk
    version: "0.0.0"
  go_router:
    dependency: "direct main"
    description:
      name: go_router
      sha256: bd7e671d26fd39c78cba82070fa34ef1f830b0e7ed1aeebccabc6561302a7ee5
      url: "https://pub.dev"
    source: hosted
    version: "6.5.9"
  highlight:
    dependency: transitive
    description:
      name: highlight
      sha256: "5353a83ffe3e3eca7df0abfb72dcf3fa66cc56b953728e7113ad4ad88497cf21"
      url: "https://pub.dev"
    source: hosted
    version: "0.7.0"
  html:
    dependency: "direct main"
    description:
      name: html
      sha256: "58e3491f7bf0b6a4ea5110c0c688877460d1a6366731155c4a4580e7ded773e8"
      url: "https://pub.dev"
    source: hosted
    version: "0.15.3"
  http:
    dependency: "direct dev"
    description:
      name: http
      sha256: "5895291c13fa8a3bd82e76d5627f69e0d85ca6a30dcac95c4ea19a5d555879c2"
      url: "https://pub.dev"
    source: hosted
    version: "0.13.6"
  http_parser:
    dependency: transitive
    description:
      name: http_parser
      sha256: "2aa08ce0341cc9b354a498388e30986515406668dbcc4f7c950c3e715496693b"
      url: "https://pub.dev"
    source: hosted
    version: "4.0.2"
  js:
    dependency: transitive
    description:
      name: js
      sha256: f2c445dce49627136094980615a031419f7f3eb393237e4ecd97ac15dea343f3
      url: "https://pub.dev"
    source: hosted
    version: "0.6.7"
  logging:
    dependency: transitive
    description:
      name: logging
      sha256: "04094f2eb032cbb06c6f6e8d3607edcfcb0455e2bb6cbc010cb01171dcb64e6d"
      url: "https://pub.dev"
    source: hosted
    version: "1.1.1"
  markdown:
    dependency: transitive
    description:
      name: markdown
      sha256: "8e332924094383133cee218b676871f42db2514f1f6ac617b6cf6152a7faab8e"
      url: "https://pub.dev"
    source: hosted
    version: "7.1.0"
  markdown_widget:
    dependency: "direct main"
    description:
      path: ".."
      relative: true
    source: path
    version: "2.2.0"
  matcher:
    dependency: transitive
    description:
      name: matcher
      sha256: "6501fbd55da300384b768785b83e5ce66991266cec21af89ab9ae7f5ce1c4cbb"
      url: "https://pub.dev"
    source: hosted
    version: "0.12.15"
  material_color_utilities:
    dependency: transitive
    description:
      name: material_color_utilities
      sha256: d92141dc6fe1dad30722f9aa826c7fbc896d021d792f80678280601aff8cf724
      url: "https://pub.dev"
    source: hosted
    version: "0.2.0"
  meta:
    dependency: transitive
    description:
      name: meta
      sha256: "3c74dbf8763d36539f114c799d8a2d87343b5067e9d796ca22b5eb8437090ee3"
      url: "https://pub.dev"
    source: hosted
    version: "1.9.1"
  nested:
    dependency: transitive
    description:
      name: nested
      sha256: "03bac4c528c64c95c722ec99280375a6f2fc708eec17c7b3f07253b626cd2a20"
      url: "https://pub.dev"
    source: hosted
    version: "1.0.0"
  path:
    dependency: transitive
    description:
      name: path
      sha256: "8829d8a55c13fc0e37127c29fedf290c102f4e40ae94ada574091fe0ff96c917"
      url: "https://pub.dev"
    source: hosted
    version: "1.8.3"
  path_parsing:
    dependency: transitive
    description:
      name: path_parsing
      sha256: e3e67b1629e6f7e8100b367d3db6ba6af4b1f0bb80f64db18ef1fbabd2fa9ccf
      url: "https://pub.dev"
    source: hosted
    version: "1.0.1"
  petitparser:
    dependency: transitive
    description:
      name: petitparser
      sha256: cb3798bef7fc021ac45b308f4b51208a152792445cce0448c9a4ba5879dd8750
      url: "https://pub.dev"
    source: hosted
    version: "5.4.0"
  plugin_platform_interface:
    dependency: transitive
    description:
      name: plugin_platform_interface
      sha256: "6a2128648c854906c53fa8e33986fc0247a1116122f9534dd20e3ab9e16a32bc"
      url: "https://pub.dev"
    source: hosted
    version: "2.1.4"
  provider:
    dependency: transitive
    description:
      name: provider
      sha256: cdbe7530b12ecd9eb455bdaa2fcb8d4dad22e80b8afb4798b41479d5ce26847f
      url: "https://pub.dev"
    source: hosted
    version: "6.0.5"
  redux:
    dependency: transitive
    description:
      name: redux
      sha256: "1e86ed5b1a9a717922d0a0ca41f9bf49c1a587d50050e9426fc65b14e85ec4d7"
      url: "https://pub.dev"
    source: hosted
    version: "5.0.0"
  scroll_to_index:
    dependency: transitive
    description:
      name: scroll_to_index
      sha256: b707546e7500d9f070d63e5acf74fd437ec7eeeb68d3412ef7b0afada0b4f176
      url: "https://pub.dev"
    source: hosted
    version: "3.0.1"
  sky_engine:
    dependency: transitive
    description: flutter
    source: sdk
    version: "0.0.99"
  source_span:
    dependency: transitive
    description:
      name: source_span
      sha256: dd904f795d4b4f3b870833847c461801f6750a9fa8e61ea5ac53f9422b31f250
      url: "https://pub.dev"
    source: hosted
    version: "1.9.1"
  stack_trace:
    dependency: transitive
    description:
      name: stack_trace
      sha256: c3c7d8edb15bee7f0f74debd4b9c5f3c2ea86766fe4178eb2a18eb30a0bdaed5
      url: "https://pub.dev"
    source: hosted
    version: "1.11.0"
  stream_channel:
    dependency: transitive
    description:
      name: stream_channel
      sha256: "83615bee9045c1d322bbbd1ba209b7a749c2cbcdcb3fdd1df8eb488b3279c1c8"
      url: "https://pub.dev"
    source: hosted
    version: "2.1.1"
  string_scanner:
    dependency: transitive
    description:
      name: string_scanner
      sha256: "556692adab6cfa87322a115640c11f13cb77b3f076ddcc5d6ae3c20242bedcde"
      url: "https://pub.dev"
    source: hosted
    version: "1.2.0"
  term_glyph:
    dependency: transitive
    description:
      name: term_glyph
      sha256: a29248a84fbb7c79282b40b8c72a1209db169a2e0542bce341da992fe1bc7e84
      url: "https://pub.dev"
    source: hosted
    version: "1.2.1"
  test_api:
    dependency: transitive
    description:
      name: test_api
      sha256: eb6ac1540b26de412b3403a163d919ba86f6a973fe6cc50ae3541b80092fdcfb
      url: "https://pub.dev"
    source: hosted
    version: "0.5.1"
  tuple:
    dependency: transitive
    description:
      name: tuple
      sha256: "0ea99cd2f9352b2586583ab2ce6489d1f95a5f6de6fb9492faaf97ae2060f0aa"
      url: "https://pub.dev"
    source: hosted
    version: "2.0.1"
  typed_data:
    dependency: transitive
    description:
      name: typed_data
      sha256: facc8d6582f16042dd49f2463ff1bd6e2c9ef9f3d5da3d9b087e244a7b564b3c
      url: "https://pub.dev"
    source: hosted
    version: "1.3.2"
  url_launcher:
    dependency: transitive
    description:
      name: url_launcher
      sha256: eb1e00ab44303d50dd487aab67ebc575456c146c6af44422f9c13889984c00f3
      url: "https://pub.dev"
    source: hosted
    version: "6.1.11"
  url_launcher_android:
    dependency: transitive
    description:
      name: url_launcher_android
      sha256: "1a5848f598acc5b7d8f7c18b8cb834ab667e59a13edc3c93e9d09cf38cc6bc87"
      url: "https://pub.dev"
    source: hosted
    version: "6.0.34"
  url_launcher_ios:
    dependency: transitive
    description:
      name: url_launcher_ios
      sha256: "9af7ea73259886b92199f9e42c116072f05ff9bea2dcb339ab935dfc957392c2"
      url: "https://pub.dev"
    source: hosted
    version: "6.1.4"
  url_launcher_linux:
    dependency: transitive
    description:
      name: url_launcher_linux
      sha256: "207f4ddda99b95b4d4868320a352d374b0b7e05eefad95a4a26f57da413443f5"
      url: "https://pub.dev"
    source: hosted
    version: "3.0.5"
  url_launcher_macos:
    dependency: transitive
    description:
      name: url_launcher_macos
      sha256: "91ee3e75ea9dadf38036200c5d3743518f4a5eb77a8d13fda1ee5764373f185e"
      url: "https://pub.dev"
    source: hosted
    version: "3.0.5"
  url_launcher_platform_interface:
    dependency: transitive
    description:
      name: url_launcher_platform_interface
      sha256: "6c9ca697a5ae218ce56cece69d46128169a58aa8653c1b01d26fcd4aad8c4370"
      url: "https://pub.dev"
    source: hosted
    version: "2.1.2"
  url_launcher_web:
    dependency: transitive
    description:
      name: url_launcher_web
      sha256: "6bb1e5d7fe53daf02a8fee85352432a40b1f868a81880e99ec7440113d5cfcab"
      url: "https://pub.dev"
    source: hosted
    version: "2.0.17"
  url_launcher_windows:
    dependency: transitive
    description:
      name: url_launcher_windows
      sha256: "254708f17f7c20a9c8c471f67d86d76d4a3f9c1591aad1e15292008aceb82771"
      url: "https://pub.dev"
    source: hosted
    version: "3.0.6"
  vector_graphics:
    dependency: transitive
    description:
      name: vector_graphics
      sha256: b96f10cbdfcbd03a65758633a43e7d04574438f059b1043104b5d61b23d38a4f
      url: "https://pub.dev"
    source: hosted
    version: "1.1.6"
  vector_graphics_codec:
    dependency: transitive
    description:
      name: vector_graphics_codec
      sha256: "57a8e6e24662a3bdfe3b3d61257db91768700c0b8f844e235877b56480f31c69"
      url: "https://pub.dev"
    source: hosted
    version: "1.1.6"
  vector_graphics_compiler:
    dependency: transitive
    description:
      name: vector_graphics_compiler
      sha256: "7430f5d834d0db4560d7b19863362cd892f1e52b43838553a3c5cdfc9ab28e5b"
      url: "https://pub.dev"
    source: hosted
    version: "1.1.6"
  vector_math:
    dependency: transitive
    description:
      name: vector_math
      sha256: "80b3257d1492ce4d091729e3a67a60407d227c27241d6927be0130c98e741803"
      url: "https://pub.dev"
    source: hosted
    version: "2.1.4"
  video_player:
    dependency: "direct main"
    description:
      name: video_player
      sha256: de95f0e9405f29b5582573d4166132e71f83b3158aac14e8ee5767a54f4f1fbd
      url: "https://pub.dev"
    source: hosted
    version: "2.6.1"
  video_player_android:
    dependency: transitive
    description:
      name: video_player_android
      sha256: ae1c7d9a71c236a1bf9e567bd7ed4c90887e389a5f233b2192593f7f7395005c
      url: "https://pub.dev"
    source: hosted
    version: "2.4.8"
  video_player_avfoundation:
    dependency: transitive
    description:
      name: video_player_avfoundation
      sha256: "4c274e439f349a0ee5cb3c42978393ede173a443b98f50de6ffe6900eaa19216"
      url: "https://pub.dev"
    source: hosted
    version: "2.4.6"
  video_player_platform_interface:
    dependency: transitive
    description:
      name: video_player_platform_interface
      sha256: a8c4dcae2a7a6e7cc1d7f9808294d968eca1993af34a98e95b9bdfa959bec684
      url: "https://pub.dev"
    source: hosted
    version: "6.1.0"
  video_player_web:
    dependency: transitive
    description:
      name: video_player_web
      sha256: "44ce41424d104dfb7cf6982cc6b84af2b007a24d126406025bf40de5d481c74c"
      url: "https://pub.dev"
    source: hosted
    version: "2.0.16"
  visibility_detector:
    dependency: transitive
    description:
      name: visibility_detector
      sha256: dd5cc11e13494f432d15939c3aa8ae76844c42b723398643ce9addb88a5ed420
      url: "https://pub.dev"
    source: hosted
    version: "0.4.0+2"
  xml:
    dependency: transitive
    description:
      name: xml
      sha256: "5bc72e1e45e941d825fd7468b9b4cc3b9327942649aeb6fc5cdbf135f0a86e84"
      url: "https://pub.dev"
    source: hosted
    version: "6.3.0"
sdks:
  dart: ">=3.0.0 <4.0.0"
  flutter: ">=3.7.0-0"
